
Microsoft Visual Studio Solution File, Format Version 12.00
# Visual Studio Version 17
VisualStudioVersion = 17.0.31912.275
MinimumVisualStudioVersion = 10.0.40219.1
Project("{FAE04EC0-301F-11D3-BF4B-00C04F79EFBC}") = "RadioButtonsAndImages", "RadioButtonsAndImages\RadioButtonsAndImages.csproj", "{0E8F7BD8-59F6-4805-8569-84434D3A8ABD}"
EndProject
Global
	GlobalSection(SolutionConfigurationPlatforms) = preSolution
		Debug|Any CPU = Debug|Any CPU
		Release|Any CPU = Release|Any CPU
	EndGlobalSection
	GlobalSection(ProjectConfigurationPlatforms) = postSolution
		{0E8F7BD8-59F6-4805-8569-84434D3A8ABD}.Debug|Any CPU.ActiveCfg = Debug|Any CPU
		{0E8F7BD8-59F6-4805-8569-84434D3A8ABD}.Debug|Any CPU.Build.0 = Debug|Any CPU
		{0E8F7BD8-59F6-4805-8569-84434D3A8ABD}.Release|Any CPU.ActiveCfg = Release|Any CPU
		{0E8F7BD8-59F6-4805-8569-84434D3A8ABD}.Release|Any CPU.Build.0 = Release|Any CPU
	EndGlobalSection
	GlobalSection(SolutionProperties) = preSolution
		HideSolutionNode = FALSE
	EndGlobalSection
	GlobalSection(ExtensibilityGlobals) = postSolution
		SolutionGuid = {43A57606-0F4D-4FB4-81E8-3D8E2824F499}
	EndGlobalSection
EndGlobal
